
Microsoft Visual Studio Solution File, Format Version 12.00
# Visual Studio 2012
Project("{FAE04EC0-301F-11D3-BF4B-00C04F79EFBC}") = "Neptuo.Bootstrap", "Neptuo.Bootstrap\Neptuo.Bootstrap.csproj", "{C7A28A56-C534-4F93-A62C-0BB2D290BBA0}"
EndProject
Project("{FAE04EC0-301F-11D3-BF4B-00C04F79EFBC}") = "Neptuo.DataAccess", "Neptuo.DataAccess\Neptuo.DataAccess.csproj", "{ECA5CB11-154D-4777-966A-B478BC51BE11}"
EndProject
Project("{FAE04EC0-301F-11D3-BF4B-00C04F79EFBC}") = "Neptuo.DataAccess.EntityFramework", "Neptuo.DataAccess.EntityFramework\Neptuo.DataAccess.EntityFramework.csproj", "{4E2FF623-5EA8-478E-816E-C4973FCE28D0}"
EndProject
Project("{2150E333-8FDC-42A3-9474-1A3956D46DE8}") = ".nuget", ".nuget", "{CDC21AD9-2876-487F-8AE3-5FBA18C57858}"
	ProjectSection(SolutionItems) = preProject
		.nuget\NuGet.Config = .nuget\NuGet.Config
		.nuget\NuGet.exe = .nuget\NuGet.exe
		.nuget\NuGet.targets = .nuget\NuGet.targets
	EndProjectSection
EndProject
Project("{FAE04EC0-301F-11D3-BF4B-00C04F79EFBC}") = "Neptuo.Xml", "Neptuo.Xml\Neptuo.Xml.csproj", "{E77C5A49-E807-4465-8CB1-18F9E3F5934C}"
EndProject
Global
	GlobalSection(SolutionConfigurationPlatforms) = preSolution
		Debug|Any CPU = Debug|Any CPU
		Release|Any CPU = Release|Any CPU
	EndGlobalSection
	GlobalSection(ProjectConfigurationPlatforms) = postSolution
		{C7A28A56-C534-4F93-A62C-0BB2D290BBA0}.Debug|Any CPU.ActiveCfg = Debug|Any CPU
		{C7A28A56-C534-4F93-A62C-0BB2D290BBA0}.Debug|Any CPU.Build.0 = Debug|Any CPU
		{C7A28A56-C534-4F93-A62C-0BB2D290BBA0}.Release|Any CPU.ActiveCfg = Release|Any CPU
		{C7A28A56-C534-4F93-A62C-0BB2D290BBA0}.Release|Any CPU.Build.0 = Release|Any CPU
		{ECA5CB11-154D-4777-966A-B478BC51BE11}.Debug|Any CPU.ActiveCfg = Debug|Any CPU
		{ECA5CB11-154D-4777-966A-B478BC51BE11}.Debug|Any CPU.Build.0 = Debug|Any CPU
		{ECA5CB11-154D-4777-966A-B478BC51BE11}.Release|Any CPU.ActiveCfg = Release|Any CPU
		{ECA5CB11-154D-4777-966A-B478BC51BE11}.Release|Any CPU.Build.0 = Release|Any CPU
		{4E2FF623-5EA8-478E-816E-C4973FCE28D0}.Debug|Any CPU.ActiveCfg = Debug|Any CPU
		{4E2FF623-5EA8-478E-816E-C4973FCE28D0}.Debug|Any CPU.Build.0 = Debug|Any CPU
		{4E2FF623-5EA8-478E-816E-C4973FCE28D0}.Release|Any CPU.ActiveCfg = Release|Any CPU
		{4E2FF623-5EA8-478E-816E-C4973FCE28D0}.Release|Any CPU.Build.0 = Release|Any CPU
		{E77C5A49-E807-4465-8CB1-18F9E3F5934C}.Debug|Any CPU.ActiveCfg = Debug|Any CPU
		{E77C5A49-E807-4465-8CB1-18F9E3F5934C}.Debug|Any CPU.Build.0 = Debug|Any CPU
		{E77C5A49-E807-4465-8CB1-18F9E3F5934C}.Release|Any CPU.ActiveCfg = Release|Any CPU
		{E77C5A49-E807-4465-8CB1-18F9E3F5934C}.Release|Any CPU.Build.0 = Release|Any CPU
	EndGlobalSection
	GlobalSection(SolutionProperties) = preSolution
		HideSolutionNode = FALSE
	EndGlobalSection
EndGlobal
