
Microsoft Visual Studio Solution File, Format Version 12.00
# Visual Studio 2013
VisualStudioVersion = 12.0.40629.0
MinimumVisualStudioVersion = 10.0.40219.1
Project("{FAE04EC0-301F-11D3-BF4B-00C04F79EFBC}") = "Neptuo.Bootstrap", "src\Neptuo.Bootstrap\Neptuo.Bootstrap.csproj", "{C7A28A56-C534-4F93-A62C-0BB2D290BBA0}"
EndProject
Project("{2150E333-8FDC-42A3-9474-1A3956D46DE8}") = ".nuget", ".nuget", "{CDC21AD9-2876-487F-8AE3-5FBA18C57858}"
	ProjectSection(SolutionItems) = preProject
		.nuget\NuGet.Config = .nuget\NuGet.Config
		.nuget\NuGet.exe = .nuget\NuGet.exe
		.nuget\NuGet.targets = .nuget\NuGet.targets
	EndProjectSection
EndProject
Project("{FAE04EC0-301F-11D3-BF4B-00C04F79EFBC}") = "Neptuo.Xml", "src\Neptuo.Xml\Neptuo.Xml.csproj", "{E77C5A49-E807-4465-8CB1-18F9E3F5934C}"
EndProject
Project("{FAE04EC0-301F-11D3-BF4B-00C04F79EFBC}") = "Neptuo", "src\Neptuo\Neptuo.csproj", "{2392ED97-E671-4871-81A4-C85975F33794}"
EndProject
Project("{FAE04EC0-301F-11D3-BF4B-00C04F79EFBC}") = "Neptuo.Migrations", "src\Neptuo.Migrations\Neptuo.Migrations.csproj", "{70114D0D-B9F1-464F-A068-9840D7FA6798}"
EndProject
Project("{FAE04EC0-301F-11D3-BF4B-00C04F79EFBC}") = "Neptuo.Windows.Controls", "src\Neptuo.Windows.Controls\Neptuo.Windows.Controls.csproj", "{0A82625A-BB41-48CE-B3AD-0141DD3CB779}"
EndProject
Project("{FAE04EC0-301F-11D3-BF4B-00C04F79EFBC}") = "Neptuo.Windows.Threading", "src\Neptuo.Windows.Threading\Neptuo.Windows.Threading.csproj", "{6D0AD236-40F4-4734-8FC3-16E99C7BE2F4}"
EndProject
Project("{FAE04EC0-301F-11D3-BF4B-00C04F79EFBC}") = "TestConsole", "test\TestConsole\TestConsole.csproj", "{A5BF3C46-5A9A-4151-BF55-9AF3EF1E3146}"
EndProject
Project("{FAE04EC0-301F-11D3-BF4B-00C04F79EFBC}") = "Neptuo.Web.Routing", "src\Neptuo.Web.Routing\Neptuo.Web.Routing.csproj", "{45C70782-7B22-4CDA-B8E4-9E71182E3A32}"
EndProject
Project("{FAE04EC0-301F-11D3-BF4B-00C04F79EFBC}") = "TestMvc4", "test\TestMvc4\TestMvc4.csproj", "{662F383E-7768-4A06-A8B9-DA15A73E4D47}"
EndProject
Project("{FAE04EC0-301F-11D3-BF4B-00C04F79EFBC}") = "Neptuo.Data", "src\Neptuo.Data\Neptuo.Data.csproj", "{304C75B0-88B0-4470-BD2D-FD7DB582BEBF}"
EndProject
Project("{FAE04EC0-301F-11D3-BF4B-00C04F79EFBC}") = "Neptuo.Data.Entity", "src\Neptuo.Data.Entity\Neptuo.Data.Entity.csproj", "{FEE06F1E-0063-4D46-85CE-7334CE61AFB0}"
EndProject
Project("{FAE04EC0-301F-11D3-BF4B-00C04F79EFBC}") = "Neptuo.PresentationModels", "src\Neptuo.PresentationModels\Neptuo.PresentationModels.csproj", "{671BF5EF-9E1C-4EF9-AE7C-57C9F960650B}"
EndProject
Project("{FAE04EC0-301F-11D3-BF4B-00C04F79EFBC}") = "Neptuo.PresentationModels.TypeModels.DataAnnotations", "src\Neptuo.PresentationModels.TypeModels.DataAnnotations\Neptuo.PresentationModels.TypeModels.DataAnnotations.csproj", "{C4909618-FA01-4E6F-B34B-9F1D24239C87}"
EndProject
Project("{FAE04EC0-301F-11D3-BF4B-00C04F79EFBC}") = "Neptuo.PresentationModels.Binding", "src\Neptuo.PresentationModels.Binding\Neptuo.PresentationModels.Binding.csproj", "{471E1120-9720-449E-8EC2-7338B58EAF59}"
EndProject
Project("{2150E333-8FDC-42A3-9474-1A3956D46DE8}") = "Sharpkit", "Sharpkit", "{C7E6D60C-15B3-48CC-BAFF-5EAAFDB6A7FB}"
EndProject
Project("{FAE04EC0-301F-11D3-BF4B-00C04F79EFBC}") = "Neptuo.SharpKit.Exugin", "src\Neptuo.SharpKit.Exugin\Neptuo.SharpKit.Exugin.csproj", "{8CACA927-89E3-4A2A-B170-9E1ECDB32EE9}"
EndProject
Project("{FAE04EC0-301F-11D3-BF4B-00C04F79EFBC}") = "Neptuo.Configuration", "src\Neptuo.Configuration\Neptuo.Configuration.csproj", "{B21273F3-6326-4E7B-8D1C-13D4DB440801}"
EndProject
Project("{2150E333-8FDC-42A3-9474-1A3956D46DE8}") = "PresentationModels", "PresentationModels", "{5D0CB141-A610-4243-BBDA-7D5A9084FC53}"
EndProject
Project("{2150E333-8FDC-42A3-9474-1A3956D46DE8}") = "Windows", "Windows", "{A7CE8ABF-9770-49F4-8969-8AB6957A87E6}"
EndProject
Project("{2150E333-8FDC-42A3-9474-1A3956D46DE8}") = "Data", "Data", "{45933E25-016D-477C-964A-029C9FC7724E}"
EndProject
Project("{2150E333-8FDC-42A3-9474-1A3956D46DE8}") = "Web", "Web", "{AA724CB1-03F1-4FF2-A158-2E95524F67BC}"
EndProject
Project("{FAE04EC0-301F-11D3-BF4B-00C04F79EFBC}") = "TestWpf", "test\TestWpf\TestWpf.csproj", "{834CEB47-4BCD-4895-80FA-44960472C64B}"
EndProject
Project("{FAE04EC0-301F-11D3-BF4B-00C04F79EFBC}") = "Neptuo.Activators.Simple", "src\Neptuo.Activators.Simple\Neptuo.Activators.Simple.csproj", "{891F1607-D6F3-4D9F-8FF1-ABC9DA73B563}"
EndProject
Project("{FAE04EC0-301F-11D3-BF4B-00C04F79EFBC}") = "Neptuo.Activators.Unity", "src\Neptuo.Activators.Unity\Neptuo.Activators.Unity.csproj", "{A9D02667-9762-4C91-A403-41DE7B8A4EFE}"
EndProject
Project("{FAE04EC0-301F-11D3-BF4B-00C04F79EFBC}") = "Neptuo.Compilers.SharpKit", "src\Neptuo.Compilers.SharpKit\Neptuo.Compilers.SharpKit.csproj", "{2E14DD4A-AFA7-4754-A126-CE0CAB103B14}"
EndProject
Project("{2150E333-8FDC-42A3-9474-1A3956D46DE8}") = "Framework", "Framework", "{2CBC9170-F18E-4CAC-B9BA-860DB1625765}"
EndProject
Project("{FAE04EC0-301F-11D3-BF4B-00C04F79EFBC}") = "Neptuo.PresentationModels.Serialization.Xml", "src\Neptuo.PresentationModels.Serialization.Xml\Neptuo.PresentationModels.Serialization.Xml.csproj", "{35F29C01-F567-420B-8E9E-57BD9FC3DE60}"
EndProject
Project("{FAE04EC0-301F-11D3-BF4B-00C04F79EFBC}") = "Neptuo.PresentationModels.UI", "src\Neptuo.PresentationModels.UI\Neptuo.PresentationModels.UI.csproj", "{23E62643-F6C3-4D6A-862B-38999EBC6959}"
EndProject
Project("{FAE04EC0-301F-11D3-BF4B-00C04F79EFBC}") = "Neptuo.Models", "src\Neptuo.Models\Neptuo.Models.csproj", "{37F9B51A-2E66-4A99-950A-17EBF6880ABA}"
EndProject
Project("{FAE04EC0-301F-11D3-BF4B-00C04F79EFBC}") = "Neptuo.Services.Deleters", "src\Neptuo.Services.Deleters\Neptuo.Services.Deleters.csproj", "{03FD4941-515A-4C2F-A0A6-3ECFD1E16D4E}"
EndProject
Project("{FAE04EC0-301F-11D3-BF4B-00C04F79EFBC}") = "Neptuo.Services.Validators", "src\Neptuo.Services.Validators\Neptuo.Services.Validators.csproj", "{191A52C5-789C-4D8C-9551-0FAE9D632439}"
EndProject
Project("{FAE04EC0-301F-11D3-BF4B-00C04F79EFBC}") = "Neptuo.Services.Queries", "src\Neptuo.Services.Queries\Neptuo.Services.Queries.csproj", "{85ACE13A-C74C-4219-B1DF-D93B9B1C8983}"
EndProject
Project("{FAE04EC0-301F-11D3-BF4B-00C04F79EFBC}") = "Neptuo.Services.Commands", "src\Neptuo.Services.Commands\Neptuo.Services.Commands.csproj", "{21D7ECEF-62E7-4C65-9076-8D88A9C9E1EC}"
EndProject
Project("{FAE04EC0-301F-11D3-BF4B-00C04F79EFBC}") = "Neptuo.Services.Events", "src\Neptuo.Services.Events\Neptuo.Services.Events.csproj", "{FE22167D-A8F5-400E-941D-4437EF22CECE}"
EndProject
Project("{FAE04EC0-301F-11D3-BF4B-00C04F79EFBC}") = "Neptuo.FileSystems", "src\Neptuo.FileSystems\Neptuo.FileSystems.csproj", "{E293C506-6FE1-4ED9-840F-9C29C5066227}"
EndProject
Project("{2150E333-8FDC-42A3-9474-1A3956D46DE8}") = "Services", "Services", "{E8FDD7B5-9BD0-4FE0-92D5-1A494A735D22}"
EndProject
Project("{FAE04EC0-301F-11D3-BF4B-00C04F79EFBC}") = "Neptuo.Models.Features", "src\Neptuo.Models.Features\Neptuo.Models.Features.csproj", "{6A30D878-A98A-4634-9C2D-C015F0A15A57}"
EndProject
Project("{FAE04EC0-301F-11D3-BF4B-00C04F79EFBC}") = "Neptuo.Services.Queries.Http", "src\Neptuo.Services.Queries.Http\Neptuo.Services.Queries.Http.csproj", "{8EC49C59-5F97-4877-95CA-F1BB2254F332}"
EndProject
Project("{FAE04EC0-301F-11D3-BF4B-00C04F79EFBC}") = "UnitTest", "test\UnitTest\UnitTest.csproj", "{57E49676-4746-41FD-B439-B4F41F8AE837}"
EndProject
Project("{FAE04EC0-301F-11D3-BF4B-00C04F79EFBC}") = "Neptuo.Services.Jobs", "src\Neptuo.Services.Jobs\Neptuo.Services.Jobs.csproj", "{D2204DFA-BE95-4C97-88C1-33AE2A5CEA3B}"
EndProject
Project("{FAE04EC0-301F-11D3-BF4B-00C04F79EFBC}") = "Neptuo.Logging.Log4net", "src\Neptuo.Logging.Log4net\Neptuo.Logging.Log4net.csproj", "{6A8E9CAB-4D18-4DEC-9B65-2D589479130A}"
EndProject
Project("{FAE04EC0-301F-11D3-BF4B-00C04F79EFBC}") = "Neptuo.Localization", "src\Neptuo.Localization\Neptuo.Localization.csproj", "{577A8095-EFCA-43C7-9797-3E9F3AD4BFB9}"
EndProject
Project("{FAE04EC0-301F-11D3-BF4B-00C04F79EFBC}") = "TestLibrary", "test\TestLibrary\TestLibrary.csproj", "{66A47143-0FEA-4FEA-84C3-BE2F9CBE0693}"
EndProject
Project("{FAE04EC0-301F-11D3-BF4B-00C04F79EFBC}") = "UnitTest.Services", "test\UnitTest.Services\UnitTest.Services.csproj", "{15945ACB-4304-41AE-B2EE-6C9E0D4D1A31}"
EndProject
Project("{FAE04EC0-301F-11D3-BF4B-00C04F79EFBC}") = "Neptuo.Behaviors", "src\Neptuo.Behaviors\Neptuo.Behaviors.csproj", "{8B01EEA6-3B82-44DB-ADFE-033C36310C1E}"
EndProject
Project("{FAE04EC0-301F-11D3-BF4B-00C04F79EFBC}") = "Neptuo.Services.Queries.Behaviors", "src\Neptuo.Services.Queries.Behaviors\Neptuo.Services.Queries.Behaviors.csproj", "{F1DEAA68-6740-42EC-9C02-6946CDA4CE26}"
EndProject
Project("{FAE04EC0-301F-11D3-BF4B-00C04F79EFBC}") = "Neptuo.Services.Commands.Behaviors", "src\Neptuo.Services.Commands.Behaviors\Neptuo.Services.Commands.Behaviors.csproj", "{3B70454A-3537-4696-B2FE-1280CAC029DC}"
EndProject
Project("{FAE04EC0-301F-11D3-BF4B-00C04F79EFBC}") = "Neptuo.Services.Events.Behaviors", "src\Neptuo.Services.Events.Behaviors\Neptuo.Services.Events.Behaviors.csproj", "{9AE39411-759E-4682-9CB1-D1308C868290}"
EndProject
Project("{FAE04EC0-301F-11D3-BF4B-00C04F79EFBC}") = "Neptuo.Services.HttpUtilities", "src\Neptuo.Services.HttpUtilities\Neptuo.Services.HttpUtilities.csproj", "{2FBB5921-7AC8-473D-8356-954E0087659F}"
EndProject
Project("{FAE04EC0-301F-11D3-BF4B-00C04F79EFBC}") = "Neptuo.Services.Commands.Http", "src\Neptuo.Services.Commands.Http\Neptuo.Services.Commands.Http.csproj", "{980DAF38-FF5E-40CB-9B34-1888EACC0E3C}"
EndProject
Project("{FAE04EC0-301F-11D3-BF4B-00C04F79EFBC}") = "Neptuo.Services.Jobs.Behaviors", "src\Neptuo.Services.Jobs.Behaviors\Neptuo.Services.Jobs.Behaviors.csproj", "{E50BF0B3-514E-4170-98DA-580A2CF8A016}"
EndProject
Project("{FAE04EC0-301F-11D3-BF4B-00C04F79EFBC}") = "Neptuo.Services.Operations", "src\Neptuo.Services.Operations\Neptuo.Services.Operations.csproj", "{1CFC4D1D-5826-4FA1-A8E3-32D8F9142EA0}"
EndProject
Project("{FAE04EC0-301F-11D3-BF4B-00C04F79EFBC}") = "Neptuo.Observables", "src\Neptuo.Observables\Neptuo.Observables.csproj", "{EDA4C50E-2873-4237-A84B-F73A15C27CD6}"
EndProject
Project("{FAE04EC0-301F-11D3-BF4B-00C04F79EFBC}") = "Neptuo.FileSystems.Local", "src\Neptuo.FileSystems.Local\Neptuo.FileSystems.Local.csproj", "{90E35420-D546-4B7F-BD44-3DB0FE95C2E0}"
EndProject
Project("{FAE04EC0-301F-11D3-BF4B-00C04F79EFBC}") = "UnitTest.FileSystems", "test\UnitTest.FileSystems\UnitTest.FileSystems.csproj", "{C5958F2E-3480-42BE-A670-6E7D8FC30573}"
EndProject
Project("{2150E333-8FDC-42A3-9474-1A3956D46DE8}") = "FileSystems", "FileSystems", "{F5F770F3-8007-4256-91F5-EB1BA6D19315}"
EndProject
Project("{FAE04EC0-301F-11D3-BF4B-00C04F79EFBC}") = "TestSharpKit", "test\TestSharpKit\TestSharpKit.csproj", "{17CE09A2-0DF0-4515-9800-92D0BBB424C4}"
EndProject
Project("{FAE04EC0-301F-11D3-BF4B-00C04F79EFBC}") = "TestSharpKit.Client", "test\TestSharpKit.Client\TestSharpKit.Client.csproj", "{D195C7AF-2BCD-437D-9D80-8C4CA01FD2BB}"
EndProject
Project("{FAE04EC0-301F-11D3-BF4B-00C04F79EFBC}") = "Neptuo.PresentationModels.Validators", "src\Neptuo.PresentationModels.Validators\Neptuo.PresentationModels.Validators.csproj", "{0834DFD1-3536-4305-9E23-21061C5C0414}"
EndProject
Project("{FAE04EC0-301F-11D3-BF4B-00C04F79EFBC}") = "Neptuo.Windows.HotKeys", "src\Neptuo.Windows.HotKeys\Neptuo.Windows.HotKeys.csproj", "{F22B45A9-CE8E-49D8-8C43-99351AC4595F}"
EndProject
Global
	GlobalSection(SolutionConfigurationPlatforms) = preSolution
		Debug|Any CPU = Debug|Any CPU
		Release|Any CPU = Release|Any CPU
	EndGlobalSection
	GlobalSection(ProjectConfigurationPlatforms) = postSolution
		{C7A28A56-C534-4F93-A62C-0BB2D290BBA0}.Debug|Any CPU.ActiveCfg = Debug|Any CPU
		{C7A28A56-C534-4F93-A62C-0BB2D290BBA0}.Debug|Any CPU.Build.0 = Debug|Any CPU
		{C7A28A56-C534-4F93-A62C-0BB2D290BBA0}.Release|Any CPU.ActiveCfg = Release|Any CPU
		{C7A28A56-C534-4F93-A62C-0BB2D290BBA0}.Release|Any CPU.Build.0 = Release|Any CPU
		{E77C5A49-E807-4465-8CB1-18F9E3F5934C}.Debug|Any CPU.ActiveCfg = Debug|Any CPU
		{E77C5A49-E807-4465-8CB1-18F9E3F5934C}.Debug|Any CPU.Build.0 = Debug|Any CPU
		{E77C5A49-E807-4465-8CB1-18F9E3F5934C}.Release|Any CPU.ActiveCfg = Release|Any CPU
		{E77C5A49-E807-4465-8CB1-18F9E3F5934C}.Release|Any CPU.Build.0 = Release|Any CPU
		{2392ED97-E671-4871-81A4-C85975F33794}.Debug|Any CPU.ActiveCfg = Debug|Any CPU
		{2392ED97-E671-4871-81A4-C85975F33794}.Debug|Any CPU.Build.0 = Debug|Any CPU
		{2392ED97-E671-4871-81A4-C85975F33794}.Release|Any CPU.ActiveCfg = Release|Any CPU
		{2392ED97-E671-4871-81A4-C85975F33794}.Release|Any CPU.Build.0 = Release|Any CPU
		{70114D0D-B9F1-464F-A068-9840D7FA6798}.Debug|Any CPU.ActiveCfg = Debug|Any CPU
		{70114D0D-B9F1-464F-A068-9840D7FA6798}.Debug|Any CPU.Build.0 = Debug|Any CPU
		{70114D0D-B9F1-464F-A068-9840D7FA6798}.Release|Any CPU.ActiveCfg = Release|Any CPU
		{70114D0D-B9F1-464F-A068-9840D7FA6798}.Release|Any CPU.Build.0 = Release|Any CPU
		{0A82625A-BB41-48CE-B3AD-0141DD3CB779}.Debug|Any CPU.ActiveCfg = Debug|Any CPU
		{0A82625A-BB41-48CE-B3AD-0141DD3CB779}.Debug|Any CPU.Build.0 = Debug|Any CPU
		{0A82625A-BB41-48CE-B3AD-0141DD3CB779}.Release|Any CPU.ActiveCfg = Release|Any CPU
		{0A82625A-BB41-48CE-B3AD-0141DD3CB779}.Release|Any CPU.Build.0 = Release|Any CPU
		{6D0AD236-40F4-4734-8FC3-16E99C7BE2F4}.Debug|Any CPU.ActiveCfg = Debug|Any CPU
		{6D0AD236-40F4-4734-8FC3-16E99C7BE2F4}.Debug|Any CPU.Build.0 = Debug|Any CPU
		{6D0AD236-40F4-4734-8FC3-16E99C7BE2F4}.Release|Any CPU.ActiveCfg = Release|Any CPU
		{6D0AD236-40F4-4734-8FC3-16E99C7BE2F4}.Release|Any CPU.Build.0 = Release|Any CPU
		{A5BF3C46-5A9A-4151-BF55-9AF3EF1E3146}.Debug|Any CPU.ActiveCfg = Debug|Any CPU
		{A5BF3C46-5A9A-4151-BF55-9AF3EF1E3146}.Debug|Any CPU.Build.0 = Debug|Any CPU
		{A5BF3C46-5A9A-4151-BF55-9AF3EF1E3146}.Release|Any CPU.ActiveCfg = Release|Any CPU
		{A5BF3C46-5A9A-4151-BF55-9AF3EF1E3146}.Release|Any CPU.Build.0 = Release|Any CPU
		{45C70782-7B22-4CDA-B8E4-9E71182E3A32}.Debug|Any CPU.ActiveCfg = Debug|Any CPU
		{45C70782-7B22-4CDA-B8E4-9E71182E3A32}.Debug|Any CPU.Build.0 = Debug|Any CPU
		{45C70782-7B22-4CDA-B8E4-9E71182E3A32}.Release|Any CPU.ActiveCfg = Release|Any CPU
		{45C70782-7B22-4CDA-B8E4-9E71182E3A32}.Release|Any CPU.Build.0 = Release|Any CPU
		{662F383E-7768-4A06-A8B9-DA15A73E4D47}.Debug|Any CPU.ActiveCfg = Debug|Any CPU
		{662F383E-7768-4A06-A8B9-DA15A73E4D47}.Debug|Any CPU.Build.0 = Debug|Any CPU
		{662F383E-7768-4A06-A8B9-DA15A73E4D47}.Release|Any CPU.ActiveCfg = Release|Any CPU
		{662F383E-7768-4A06-A8B9-DA15A73E4D47}.Release|Any CPU.Build.0 = Release|Any CPU
		{304C75B0-88B0-4470-BD2D-FD7DB582BEBF}.Debug|Any CPU.ActiveCfg = Debug|Any CPU
		{304C75B0-88B0-4470-BD2D-FD7DB582BEBF}.Debug|Any CPU.Build.0 = Debug|Any CPU
		{304C75B0-88B0-4470-BD2D-FD7DB582BEBF}.Release|Any CPU.ActiveCfg = Release|Any CPU
		{304C75B0-88B0-4470-BD2D-FD7DB582BEBF}.Release|Any CPU.Build.0 = Release|Any CPU
		{FEE06F1E-0063-4D46-85CE-7334CE61AFB0}.Debug|Any CPU.ActiveCfg = Debug|Any CPU
		{FEE06F1E-0063-4D46-85CE-7334CE61AFB0}.Debug|Any CPU.Build.0 = Debug|Any CPU
		{FEE06F1E-0063-4D46-85CE-7334CE61AFB0}.Release|Any CPU.ActiveCfg = Release|Any CPU
		{FEE06F1E-0063-4D46-85CE-7334CE61AFB0}.Release|Any CPU.Build.0 = Release|Any CPU
		{671BF5EF-9E1C-4EF9-AE7C-57C9F960650B}.Debug|Any CPU.ActiveCfg = Debug|Any CPU
		{671BF5EF-9E1C-4EF9-AE7C-57C9F960650B}.Debug|Any CPU.Build.0 = Debug|Any CPU
		{671BF5EF-9E1C-4EF9-AE7C-57C9F960650B}.Release|Any CPU.ActiveCfg = Release|Any CPU
		{671BF5EF-9E1C-4EF9-AE7C-57C9F960650B}.Release|Any CPU.Build.0 = Release|Any CPU
		{C4909618-FA01-4E6F-B34B-9F1D24239C87}.Debug|Any CPU.ActiveCfg = Debug|Any CPU
		{C4909618-FA01-4E6F-B34B-9F1D24239C87}.Debug|Any CPU.Build.0 = Debug|Any CPU
		{C4909618-FA01-4E6F-B34B-9F1D24239C87}.Release|Any CPU.ActiveCfg = Release|Any CPU
		{C4909618-FA01-4E6F-B34B-9F1D24239C87}.Release|Any CPU.Build.0 = Release|Any CPU
		{471E1120-9720-449E-8EC2-7338B58EAF59}.Debug|Any CPU.ActiveCfg = Debug|Any CPU
		{471E1120-9720-449E-8EC2-7338B58EAF59}.Debug|Any CPU.Build.0 = Debug|Any CPU
		{471E1120-9720-449E-8EC2-7338B58EAF59}.Release|Any CPU.ActiveCfg = Release|Any CPU
		{471E1120-9720-449E-8EC2-7338B58EAF59}.Release|Any CPU.Build.0 = Release|Any CPU
		{8CACA927-89E3-4A2A-B170-9E1ECDB32EE9}.Debug|Any CPU.ActiveCfg = Debug|Any CPU
		{8CACA927-89E3-4A2A-B170-9E1ECDB32EE9}.Debug|Any CPU.Build.0 = Debug|Any CPU
		{8CACA927-89E3-4A2A-B170-9E1ECDB32EE9}.Release|Any CPU.ActiveCfg = Release|Any CPU
		{8CACA927-89E3-4A2A-B170-9E1ECDB32EE9}.Release|Any CPU.Build.0 = Release|Any CPU
		{B21273F3-6326-4E7B-8D1C-13D4DB440801}.Debug|Any CPU.ActiveCfg = Debug|Any CPU
		{B21273F3-6326-4E7B-8D1C-13D4DB440801}.Debug|Any CPU.Build.0 = Debug|Any CPU
		{B21273F3-6326-4E7B-8D1C-13D4DB440801}.Release|Any CPU.ActiveCfg = Release|Any CPU
		{B21273F3-6326-4E7B-8D1C-13D4DB440801}.Release|Any CPU.Build.0 = Release|Any CPU
		{834CEB47-4BCD-4895-80FA-44960472C64B}.Debug|Any CPU.ActiveCfg = Debug|Any CPU
		{834CEB47-4BCD-4895-80FA-44960472C64B}.Debug|Any CPU.Build.0 = Debug|Any CPU
		{834CEB47-4BCD-4895-80FA-44960472C64B}.Release|Any CPU.ActiveCfg = Release|Any CPU
		{834CEB47-4BCD-4895-80FA-44960472C64B}.Release|Any CPU.Build.0 = Release|Any CPU
		{891F1607-D6F3-4D9F-8FF1-ABC9DA73B563}.Debug|Any CPU.ActiveCfg = Debug|Any CPU
		{891F1607-D6F3-4D9F-8FF1-ABC9DA73B563}.Debug|Any CPU.Build.0 = Debug|Any CPU
		{891F1607-D6F3-4D9F-8FF1-ABC9DA73B563}.Release|Any CPU.ActiveCfg = Release|Any CPU
		{891F1607-D6F3-4D9F-8FF1-ABC9DA73B563}.Release|Any CPU.Build.0 = Release|Any CPU
		{A9D02667-9762-4C91-A403-41DE7B8A4EFE}.Debug|Any CPU.ActiveCfg = Debug|Any CPU
		{A9D02667-9762-4C91-A403-41DE7B8A4EFE}.Debug|Any CPU.Build.0 = Debug|Any CPU
		{A9D02667-9762-4C91-A403-41DE7B8A4EFE}.Release|Any CPU.ActiveCfg = Release|Any CPU
		{A9D02667-9762-4C91-A403-41DE7B8A4EFE}.Release|Any CPU.Build.0 = Release|Any CPU
		{2E14DD4A-AFA7-4754-A126-CE0CAB103B14}.Debug|Any CPU.ActiveCfg = Debug|Any CPU
		{2E14DD4A-AFA7-4754-A126-CE0CAB103B14}.Debug|Any CPU.Build.0 = Debug|Any CPU
		{2E14DD4A-AFA7-4754-A126-CE0CAB103B14}.Release|Any CPU.ActiveCfg = Release|Any CPU
		{2E14DD4A-AFA7-4754-A126-CE0CAB103B14}.Release|Any CPU.Build.0 = Release|Any CPU
		{35F29C01-F567-420B-8E9E-57BD9FC3DE60}.Debug|Any CPU.ActiveCfg = Debug|Any CPU
		{35F29C01-F567-420B-8E9E-57BD9FC3DE60}.Debug|Any CPU.Build.0 = Debug|Any CPU
		{35F29C01-F567-420B-8E9E-57BD9FC3DE60}.Release|Any CPU.ActiveCfg = Release|Any CPU
		{35F29C01-F567-420B-8E9E-57BD9FC3DE60}.Release|Any CPU.Build.0 = Release|Any CPU
		{23E62643-F6C3-4D6A-862B-38999EBC6959}.Debug|Any CPU.ActiveCfg = Debug|Any CPU
		{23E62643-F6C3-4D6A-862B-38999EBC6959}.Debug|Any CPU.Build.0 = Debug|Any CPU
		{23E62643-F6C3-4D6A-862B-38999EBC6959}.Release|Any CPU.ActiveCfg = Release|Any CPU
		{23E62643-F6C3-4D6A-862B-38999EBC6959}.Release|Any CPU.Build.0 = Release|Any CPU
		{37F9B51A-2E66-4A99-950A-17EBF6880ABA}.Debug|Any CPU.ActiveCfg = Debug|Any CPU
		{37F9B51A-2E66-4A99-950A-17EBF6880ABA}.Debug|Any CPU.Build.0 = Debug|Any CPU
		{37F9B51A-2E66-4A99-950A-17EBF6880ABA}.Release|Any CPU.ActiveCfg = Release|Any CPU
		{37F9B51A-2E66-4A99-950A-17EBF6880ABA}.Release|Any CPU.Build.0 = Release|Any CPU
		{03FD4941-515A-4C2F-A0A6-3ECFD1E16D4E}.Debug|Any CPU.ActiveCfg = Debug|Any CPU
		{03FD4941-515A-4C2F-A0A6-3ECFD1E16D4E}.Debug|Any CPU.Build.0 = Debug|Any CPU
		{03FD4941-515A-4C2F-A0A6-3ECFD1E16D4E}.Release|Any CPU.ActiveCfg = Release|Any CPU
		{03FD4941-515A-4C2F-A0A6-3ECFD1E16D4E}.Release|Any CPU.Build.0 = Release|Any CPU
		{191A52C5-789C-4D8C-9551-0FAE9D632439}.Debug|Any CPU.ActiveCfg = Debug|Any CPU
		{191A52C5-789C-4D8C-9551-0FAE9D632439}.Debug|Any CPU.Build.0 = Debug|Any CPU
		{191A52C5-789C-4D8C-9551-0FAE9D632439}.Release|Any CPU.ActiveCfg = Release|Any CPU
		{191A52C5-789C-4D8C-9551-0FAE9D632439}.Release|Any CPU.Build.0 = Release|Any CPU
		{85ACE13A-C74C-4219-B1DF-D93B9B1C8983}.Debug|Any CPU.ActiveCfg = Debug|Any CPU
		{85ACE13A-C74C-4219-B1DF-D93B9B1C8983}.Debug|Any CPU.Build.0 = Debug|Any CPU
		{85ACE13A-C74C-4219-B1DF-D93B9B1C8983}.Release|Any CPU.ActiveCfg = Release|Any CPU
		{85ACE13A-C74C-4219-B1DF-D93B9B1C8983}.Release|Any CPU.Build.0 = Release|Any CPU
		{21D7ECEF-62E7-4C65-9076-8D88A9C9E1EC}.Debug|Any CPU.ActiveCfg = Debug|Any CPU
		{21D7ECEF-62E7-4C65-9076-8D88A9C9E1EC}.Debug|Any CPU.Build.0 = Debug|Any CPU
		{21D7ECEF-62E7-4C65-9076-8D88A9C9E1EC}.Release|Any CPU.ActiveCfg = Release|Any CPU
		{21D7ECEF-62E7-4C65-9076-8D88A9C9E1EC}.Release|Any CPU.Build.0 = Release|Any CPU
		{FE22167D-A8F5-400E-941D-4437EF22CECE}.Debug|Any CPU.ActiveCfg = Debug|Any CPU
		{FE22167D-A8F5-400E-941D-4437EF22CECE}.Debug|Any CPU.Build.0 = Debug|Any CPU
		{FE22167D-A8F5-400E-941D-4437EF22CECE}.Release|Any CPU.ActiveCfg = Release|Any CPU
		{FE22167D-A8F5-400E-941D-4437EF22CECE}.Release|Any CPU.Build.0 = Release|Any CPU
		{E293C506-6FE1-4ED9-840F-9C29C5066227}.Debug|Any CPU.ActiveCfg = Debug|Any CPU
		{E293C506-6FE1-4ED9-840F-9C29C5066227}.Debug|Any CPU.Build.0 = Debug|Any CPU
		{E293C506-6FE1-4ED9-840F-9C29C5066227}.Release|Any CPU.ActiveCfg = Release|Any CPU
		{E293C506-6FE1-4ED9-840F-9C29C5066227}.Release|Any CPU.Build.0 = Release|Any CPU
		{6A30D878-A98A-4634-9C2D-C015F0A15A57}.Debug|Any CPU.ActiveCfg = Debug|Any CPU
		{6A30D878-A98A-4634-9C2D-C015F0A15A57}.Debug|Any CPU.Build.0 = Debug|Any CPU
		{6A30D878-A98A-4634-9C2D-C015F0A15A57}.Release|Any CPU.ActiveCfg = Release|Any CPU
		{6A30D878-A98A-4634-9C2D-C015F0A15A57}.Release|Any CPU.Build.0 = Release|Any CPU
		{8EC49C59-5F97-4877-95CA-F1BB2254F332}.Debug|Any CPU.ActiveCfg = Debug|Any CPU
		{8EC49C59-5F97-4877-95CA-F1BB2254F332}.Debug|Any CPU.Build.0 = Debug|Any CPU
		{8EC49C59-5F97-4877-95CA-F1BB2254F332}.Release|Any CPU.ActiveCfg = Release|Any CPU
		{8EC49C59-5F97-4877-95CA-F1BB2254F332}.Release|Any CPU.Build.0 = Release|Any CPU
		{57E49676-4746-41FD-B439-B4F41F8AE837}.Debug|Any CPU.ActiveCfg = Debug|Any CPU
		{57E49676-4746-41FD-B439-B4F41F8AE837}.Debug|Any CPU.Build.0 = Debug|Any CPU
		{57E49676-4746-41FD-B439-B4F41F8AE837}.Release|Any CPU.ActiveCfg = Release|Any CPU
		{57E49676-4746-41FD-B439-B4F41F8AE837}.Release|Any CPU.Build.0 = Release|Any CPU
		{D2204DFA-BE95-4C97-88C1-33AE2A5CEA3B}.Debug|Any CPU.ActiveCfg = Debug|Any CPU
		{D2204DFA-BE95-4C97-88C1-33AE2A5CEA3B}.Debug|Any CPU.Build.0 = Debug|Any CPU
		{D2204DFA-BE95-4C97-88C1-33AE2A5CEA3B}.Release|Any CPU.ActiveCfg = Release|Any CPU
		{D2204DFA-BE95-4C97-88C1-33AE2A5CEA3B}.Release|Any CPU.Build.0 = Release|Any CPU
		{6A8E9CAB-4D18-4DEC-9B65-2D589479130A}.Debug|Any CPU.ActiveCfg = Debug|Any CPU
		{6A8E9CAB-4D18-4DEC-9B65-2D589479130A}.Debug|Any CPU.Build.0 = Debug|Any CPU
		{6A8E9CAB-4D18-4DEC-9B65-2D589479130A}.Release|Any CPU.ActiveCfg = Release|Any CPU
		{6A8E9CAB-4D18-4DEC-9B65-2D589479130A}.Release|Any CPU.Build.0 = Release|Any CPU
		{577A8095-EFCA-43C7-9797-3E9F3AD4BFB9}.Debug|Any CPU.ActiveCfg = Debug|Any CPU
		{577A8095-EFCA-43C7-9797-3E9F3AD4BFB9}.Debug|Any CPU.Build.0 = Debug|Any CPU
		{577A8095-EFCA-43C7-9797-3E9F3AD4BFB9}.Release|Any CPU.ActiveCfg = Release|Any CPU
		{577A8095-EFCA-43C7-9797-3E9F3AD4BFB9}.Release|Any CPU.Build.0 = Release|Any CPU
		{66A47143-0FEA-4FEA-84C3-BE2F9CBE0693}.Debug|Any CPU.ActiveCfg = Debug|Any CPU
		{66A47143-0FEA-4FEA-84C3-BE2F9CBE0693}.Debug|Any CPU.Build.0 = Debug|Any CPU
		{66A47143-0FEA-4FEA-84C3-BE2F9CBE0693}.Release|Any CPU.ActiveCfg = Release|Any CPU
		{66A47143-0FEA-4FEA-84C3-BE2F9CBE0693}.Release|Any CPU.Build.0 = Release|Any CPU
		{15945ACB-4304-41AE-B2EE-6C9E0D4D1A31}.Debug|Any CPU.ActiveCfg = Debug|Any CPU
		{15945ACB-4304-41AE-B2EE-6C9E0D4D1A31}.Debug|Any CPU.Build.0 = Debug|Any CPU
		{15945ACB-4304-41AE-B2EE-6C9E0D4D1A31}.Release|Any CPU.ActiveCfg = Release|Any CPU
		{15945ACB-4304-41AE-B2EE-6C9E0D4D1A31}.Release|Any CPU.Build.0 = Release|Any CPU
		{8B01EEA6-3B82-44DB-ADFE-033C36310C1E}.Debug|Any CPU.ActiveCfg = Debug|Any CPU
		{8B01EEA6-3B82-44DB-ADFE-033C36310C1E}.Debug|Any CPU.Build.0 = Debug|Any CPU
		{8B01EEA6-3B82-44DB-ADFE-033C36310C1E}.Release|Any CPU.ActiveCfg = Release|Any CPU
		{8B01EEA6-3B82-44DB-ADFE-033C36310C1E}.Release|Any CPU.Build.0 = Release|Any CPU
		{F1DEAA68-6740-42EC-9C02-6946CDA4CE26}.Debug|Any CPU.ActiveCfg = Debug|Any CPU
		{F1DEAA68-6740-42EC-9C02-6946CDA4CE26}.Debug|Any CPU.Build.0 = Debug|Any CPU
		{F1DEAA68-6740-42EC-9C02-6946CDA4CE26}.Release|Any CPU.ActiveCfg = Release|Any CPU
		{F1DEAA68-6740-42EC-9C02-6946CDA4CE26}.Release|Any CPU.Build.0 = Release|Any CPU
		{3B70454A-3537-4696-B2FE-1280CAC029DC}.Debug|Any CPU.ActiveCfg = Debug|Any CPU
		{3B70454A-3537-4696-B2FE-1280CAC029DC}.Debug|Any CPU.Build.0 = Debug|Any CPU
		{3B70454A-3537-4696-B2FE-1280CAC029DC}.Release|Any CPU.ActiveCfg = Release|Any CPU
		{3B70454A-3537-4696-B2FE-1280CAC029DC}.Release|Any CPU.Build.0 = Release|Any CPU
		{9AE39411-759E-4682-9CB1-D1308C868290}.Debug|Any CPU.ActiveCfg = Debug|Any CPU
		{9AE39411-759E-4682-9CB1-D1308C868290}.Debug|Any CPU.Build.0 = Debug|Any CPU
		{9AE39411-759E-4682-9CB1-D1308C868290}.Release|Any CPU.ActiveCfg = Release|Any CPU
		{9AE39411-759E-4682-9CB1-D1308C868290}.Release|Any CPU.Build.0 = Release|Any CPU
		{2FBB5921-7AC8-473D-8356-954E0087659F}.Debug|Any CPU.ActiveCfg = Debug|Any CPU
		{2FBB5921-7AC8-473D-8356-954E0087659F}.Debug|Any CPU.Build.0 = Debug|Any CPU
		{2FBB5921-7AC8-473D-8356-954E0087659F}.Release|Any CPU.ActiveCfg = Release|Any CPU
		{2FBB5921-7AC8-473D-8356-954E0087659F}.Release|Any CPU.Build.0 = Release|Any CPU
		{980DAF38-FF5E-40CB-9B34-1888EACC0E3C}.Debug|Any CPU.ActiveCfg = Debug|Any CPU
		{980DAF38-FF5E-40CB-9B34-1888EACC0E3C}.Debug|Any CPU.Build.0 = Debug|Any CPU
		{980DAF38-FF5E-40CB-9B34-1888EACC0E3C}.Release|Any CPU.ActiveCfg = Release|Any CPU
		{980DAF38-FF5E-40CB-9B34-1888EACC0E3C}.Release|Any CPU.Build.0 = Release|Any CPU
		{E50BF0B3-514E-4170-98DA-580A2CF8A016}.Debug|Any CPU.ActiveCfg = Debug|Any CPU
		{E50BF0B3-514E-4170-98DA-580A2CF8A016}.Debug|Any CPU.Build.0 = Debug|Any CPU
		{E50BF0B3-514E-4170-98DA-580A2CF8A016}.Release|Any CPU.ActiveCfg = Release|Any CPU
		{E50BF0B3-514E-4170-98DA-580A2CF8A016}.Release|Any CPU.Build.0 = Release|Any CPU
		{1CFC4D1D-5826-4FA1-A8E3-32D8F9142EA0}.Debug|Any CPU.ActiveCfg = Debug|Any CPU
		{1CFC4D1D-5826-4FA1-A8E3-32D8F9142EA0}.Debug|Any CPU.Build.0 = Debug|Any CPU
		{1CFC4D1D-5826-4FA1-A8E3-32D8F9142EA0}.Release|Any CPU.ActiveCfg = Release|Any CPU
		{1CFC4D1D-5826-4FA1-A8E3-32D8F9142EA0}.Release|Any CPU.Build.0 = Release|Any CPU
		{EDA4C50E-2873-4237-A84B-F73A15C27CD6}.Debug|Any CPU.ActiveCfg = Debug|Any CPU
		{EDA4C50E-2873-4237-A84B-F73A15C27CD6}.Debug|Any CPU.Build.0 = Debug|Any CPU
		{EDA4C50E-2873-4237-A84B-F73A15C27CD6}.Release|Any CPU.ActiveCfg = Release|Any CPU
		{EDA4C50E-2873-4237-A84B-F73A15C27CD6}.Release|Any CPU.Build.0 = Release|Any CPU
		{90E35420-D546-4B7F-BD44-3DB0FE95C2E0}.Debug|Any CPU.ActiveCfg = Debug|Any CPU
		{90E35420-D546-4B7F-BD44-3DB0FE95C2E0}.Debug|Any CPU.Build.0 = Debug|Any CPU
		{90E35420-D546-4B7F-BD44-3DB0FE95C2E0}.Release|Any CPU.ActiveCfg = Release|Any CPU
		{90E35420-D546-4B7F-BD44-3DB0FE95C2E0}.Release|Any CPU.Build.0 = Release|Any CPU
		{C5958F2E-3480-42BE-A670-6E7D8FC30573}.Debug|Any CPU.ActiveCfg = Debug|Any CPU
		{C5958F2E-3480-42BE-A670-6E7D8FC30573}.Debug|Any CPU.Build.0 = Debug|Any CPU
		{C5958F2E-3480-42BE-A670-6E7D8FC30573}.Release|Any CPU.ActiveCfg = Release|Any CPU
		{C5958F2E-3480-42BE-A670-6E7D8FC30573}.Release|Any CPU.Build.0 = Release|Any CPU
		{17CE09A2-0DF0-4515-9800-92D0BBB424C4}.Debug|Any CPU.ActiveCfg = Debug|Any CPU
		{17CE09A2-0DF0-4515-9800-92D0BBB424C4}.Debug|Any CPU.Build.0 = Debug|Any CPU
		{17CE09A2-0DF0-4515-9800-92D0BBB424C4}.Release|Any CPU.ActiveCfg = Release|Any CPU
		{17CE09A2-0DF0-4515-9800-92D0BBB424C4}.Release|Any CPU.Build.0 = Release|Any CPU
		{D195C7AF-2BCD-437D-9D80-8C4CA01FD2BB}.Debug|Any CPU.ActiveCfg = Debug|Any CPU
		{D195C7AF-2BCD-437D-9D80-8C4CA01FD2BB}.Debug|Any CPU.Build.0 = Debug|Any CPU
		{D195C7AF-2BCD-437D-9D80-8C4CA01FD2BB}.Release|Any CPU.ActiveCfg = Release|Any CPU
		{D195C7AF-2BCD-437D-9D80-8C4CA01FD2BB}.Release|Any CPU.Build.0 = Release|Any CPU
		{0834DFD1-3536-4305-9E23-21061C5C0414}.Debug|Any CPU.ActiveCfg = Debug|Any CPU
		{0834DFD1-3536-4305-9E23-21061C5C0414}.Debug|Any CPU.Build.0 = Debug|Any CPU
		{0834DFD1-3536-4305-9E23-21061C5C0414}.Release|Any CPU.ActiveCfg = Release|Any CPU
		{0834DFD1-3536-4305-9E23-21061C5C0414}.Release|Any CPU.Build.0 = Release|Any CPU
		{F22B45A9-CE8E-49D8-8C43-99351AC4595F}.Debug|Any CPU.ActiveCfg = Debug|Any CPU
		{F22B45A9-CE8E-49D8-8C43-99351AC4595F}.Debug|Any CPU.Build.0 = Debug|Any CPU
		{F22B45A9-CE8E-49D8-8C43-99351AC4595F}.Release|Any CPU.ActiveCfg = Release|Any CPU
		{F22B45A9-CE8E-49D8-8C43-99351AC4595F}.Release|Any CPU.Build.0 = Release|Any CPU
	EndGlobalSection
	GlobalSection(SolutionProperties) = preSolution
		HideSolutionNode = FALSE
	EndGlobalSection
	GlobalSection(NestedProjects) = preSolution
		{2392ED97-E671-4871-81A4-C85975F33794} = {2CBC9170-F18E-4CAC-B9BA-860DB1625765}
		{0A82625A-BB41-48CE-B3AD-0141DD3CB779} = {A7CE8ABF-9770-49F4-8969-8AB6957A87E6}
		{6D0AD236-40F4-4734-8FC3-16E99C7BE2F4} = {A7CE8ABF-9770-49F4-8969-8AB6957A87E6}
		{45C70782-7B22-4CDA-B8E4-9E71182E3A32} = {AA724CB1-03F1-4FF2-A158-2E95524F67BC}
		{304C75B0-88B0-4470-BD2D-FD7DB582BEBF} = {45933E25-016D-477C-964A-029C9FC7724E}
		{FEE06F1E-0063-4D46-85CE-7334CE61AFB0} = {45933E25-016D-477C-964A-029C9FC7724E}
		{671BF5EF-9E1C-4EF9-AE7C-57C9F960650B} = {5D0CB141-A610-4243-BBDA-7D5A9084FC53}
		{C4909618-FA01-4E6F-B34B-9F1D24239C87} = {5D0CB141-A610-4243-BBDA-7D5A9084FC53}
		{471E1120-9720-449E-8EC2-7338B58EAF59} = {5D0CB141-A610-4243-BBDA-7D5A9084FC53}
		{8CACA927-89E3-4A2A-B170-9E1ECDB32EE9} = {C7E6D60C-15B3-48CC-BAFF-5EAAFDB6A7FB}
		{891F1607-D6F3-4D9F-8FF1-ABC9DA73B563} = {2CBC9170-F18E-4CAC-B9BA-860DB1625765}
		{A9D02667-9762-4C91-A403-41DE7B8A4EFE} = {2CBC9170-F18E-4CAC-B9BA-860DB1625765}
		{2E14DD4A-AFA7-4754-A126-CE0CAB103B14} = {2CBC9170-F18E-4CAC-B9BA-860DB1625765}
		{35F29C01-F567-420B-8E9E-57BD9FC3DE60} = {5D0CB141-A610-4243-BBDA-7D5A9084FC53}
		{23E62643-F6C3-4D6A-862B-38999EBC6959} = {5D0CB141-A610-4243-BBDA-7D5A9084FC53}
		{37F9B51A-2E66-4A99-950A-17EBF6880ABA} = {2CBC9170-F18E-4CAC-B9BA-860DB1625765}
		{03FD4941-515A-4C2F-A0A6-3ECFD1E16D4E} = {E8FDD7B5-9BD0-4FE0-92D5-1A494A735D22}
		{191A52C5-789C-4D8C-9551-0FAE9D632439} = {E8FDD7B5-9BD0-4FE0-92D5-1A494A735D22}
		{85ACE13A-C74C-4219-B1DF-D93B9B1C8983} = {E8FDD7B5-9BD0-4FE0-92D5-1A494A735D22}
		{21D7ECEF-62E7-4C65-9076-8D88A9C9E1EC} = {E8FDD7B5-9BD0-4FE0-92D5-1A494A735D22}
		{FE22167D-A8F5-400E-941D-4437EF22CECE} = {E8FDD7B5-9BD0-4FE0-92D5-1A494A735D22}
		{E293C506-6FE1-4ED9-840F-9C29C5066227} = {F5F770F3-8007-4256-91F5-EB1BA6D19315}
		{6A30D878-A98A-4634-9C2D-C015F0A15A57} = {2CBC9170-F18E-4CAC-B9BA-860DB1625765}
		{8EC49C59-5F97-4877-95CA-F1BB2254F332} = {E8FDD7B5-9BD0-4FE0-92D5-1A494A735D22}
		{57E49676-4746-41FD-B439-B4F41F8AE837} = {2CBC9170-F18E-4CAC-B9BA-860DB1625765}
		{D2204DFA-BE95-4C97-88C1-33AE2A5CEA3B} = {E8FDD7B5-9BD0-4FE0-92D5-1A494A735D22}
		{6A8E9CAB-4D18-4DEC-9B65-2D589479130A} = {2CBC9170-F18E-4CAC-B9BA-860DB1625765}
		{577A8095-EFCA-43C7-9797-3E9F3AD4BFB9} = {2CBC9170-F18E-4CAC-B9BA-860DB1625765}
		{15945ACB-4304-41AE-B2EE-6C9E0D4D1A31} = {E8FDD7B5-9BD0-4FE0-92D5-1A494A735D22}
		{8B01EEA6-3B82-44DB-ADFE-033C36310C1E} = {2CBC9170-F18E-4CAC-B9BA-860DB1625765}
		{F1DEAA68-6740-42EC-9C02-6946CDA4CE26} = {E8FDD7B5-9BD0-4FE0-92D5-1A494A735D22}
		{3B70454A-3537-4696-B2FE-1280CAC029DC} = {E8FDD7B5-9BD0-4FE0-92D5-1A494A735D22}
		{9AE39411-759E-4682-9CB1-D1308C868290} = {E8FDD7B5-9BD0-4FE0-92D5-1A494A735D22}
		{2FBB5921-7AC8-473D-8356-954E0087659F} = {E8FDD7B5-9BD0-4FE0-92D5-1A494A735D22}
		{980DAF38-FF5E-40CB-9B34-1888EACC0E3C} = {E8FDD7B5-9BD0-4FE0-92D5-1A494A735D22}
		{E50BF0B3-514E-4170-98DA-580A2CF8A016} = {E8FDD7B5-9BD0-4FE0-92D5-1A494A735D22}
		{1CFC4D1D-5826-4FA1-A8E3-32D8F9142EA0} = {E8FDD7B5-9BD0-4FE0-92D5-1A494A735D22}
		{EDA4C50E-2873-4237-A84B-F73A15C27CD6} = {2CBC9170-F18E-4CAC-B9BA-860DB1625765}
		{90E35420-D546-4B7F-BD44-3DB0FE95C2E0} = {F5F770F3-8007-4256-91F5-EB1BA6D19315}
		{C5958F2E-3480-42BE-A670-6E7D8FC30573} = {F5F770F3-8007-4256-91F5-EB1BA6D19315}
		{0834DFD1-3536-4305-9E23-21061C5C0414} = {5D0CB141-A610-4243-BBDA-7D5A9084FC53}
		{F22B45A9-CE8E-49D8-8C43-99351AC4595F} = {A7CE8ABF-9770-49F4-8969-8AB6957A87E6}
	EndGlobalSection
	GlobalSection(ExtensibilityGlobals) = postSolution
		EnterpriseLibraryConfigurationToolBinariesPath = packages\Unity.2.1.505.2\lib\NET35
	EndGlobalSection
EndGlobal
